lockfileVersion: '6.0'

settings:
  autoInstallPeers: true
  excludeLinksFromLockfile: false

dependencies:
  tailwind-merge:
    specifier: ^1.14.0
    version: 1.14.0

packages:

  /tailwind-merge@1.14.0:
    resolution: {integrity: sha512-3mFKyCo/MBcgyOTlrY8T7odzZFx+w+qKSMAmdFzRvqBfLlSigU6TZnlFHK0lkMwj9Bj8OYU+9yW9lmGuS0QEnQ==}
    dev: false
